{
    "_readme": [
        "This file locks the dependencies of your project to a known state",
        "Read more about it at https://getcomposer.org/doc/01-basic-usage.md#composer-lock-the-lock-file",
        "This file is @generated automatically"
    ],
    "hash": "9be4a793396e3ac29d4c178c5b1f7064",
    "content-hash": "d2ea4f3e397eeca7f1c332571a559df1",
    "packages": [
        {
            "name": "beberlei/assert",
            "version": "v2.4",
            "source": {
                "type": "git",
                "url": "https://github.com/beberlei/assert.git",
                "reference": "7281b1fd8118b31cb9162c2fb5a4cc6f01d62ed6"
            },
            "dist": {
                "type": "zip",
                "url": "https://api.github.com/repos/beberlei/assert/zipball/7281b1fd8118b31cb9162c2fb5a4cc6f01d62ed6",
                "reference": "7281b1fd8118b31cb9162c2fb5a4cc6f01d62ed6",
                "shasum": ""
            },
            "require": {
                "ext-mbstring": "*",
                "php": ">=5.3"
            },
            "require-dev": {
                "phpunit/phpunit": "@stable"
            },
            "type": "library",
            "extra": {
                "branch-alias": {
                    "dev-master": "2.3-dev"
                }
            },
            "autoload": {
                "psr-0": {
                    "Assert": "lib/"
                },
                "files": [
                    "lib/Assert/functions.php"
                ]
            },
            "notification-url": "https://packagist.org/downloads/",
            "license": [
                "BSD-2-Clause"
            ],
            "authors": [
                {
                    "name": "Benjamin Eberlei",
                    "email": "kontakt@beberlei.de"
                }
            ],
            "description": "Thin assertion library for input validation in business models.",
            "keywords": [
                "assert",
                "assertion",
                "validation"
            ],
            "time": "2015-08-21 16:50:17"
        },
        {
            "name": "ewallet/domain",
            "version": "1.0",
            "dist": {
                "type": "path",
                "url": "../domain/",
                "reference": "41e3a6a8854a884c77542a093f911faa",
                "shasum": null
            },
            "require": {
                "beberlei/assert": "^2.3",
                "hexagonal/hexagonal": "^1.0",
                "mathiasverraes/money": "^1.2"
            },
            "require-dev": {
                "behat/behat": "^3.0",
                "fzaninotto/faker": "^1.5",
                "giorgiosironi/eris": "0.6.0 as 0.5.0",
                "phpspec/phpspec": "^2.2",
                "phpunit/phpunit": "^4.7"
            },
            "type": "library",
            "autoload": {
                "psr-4": {
                    "Ewallet\\": "src/"
                }
            },
            "autoload-dev": {
                "psr-4": {
                    "Ewallet\\": "tests/src"
                }
            },
            "license": [
                "MIT"
            ],
            "authors": [
                {
                    "name": "Luis Montealegre",
                    "email": "montealegreluis@gmail.com"
                }
            ],
            "description": "Ewallet core domain"
        },
        {
            "name": "hexagonal/hexagonal",
            "version": "1.0",
            "dist": {
                "type": "path",
                "url": "../../hexagonal/hexagonal/",
                "reference": "81780007fab6db7f418ad7a9d2a065e9",
                "shasum": null
            },
            "type": "library",
            "autoload": {
                "psr-4": {
                    "Hexagonal\\": "src/"
                }
            },
            "autoload-dev": {
                "psr-4": {
                    "Hexagonal\\": "tests/src/"
                }
            },
            "license": [
                "MIT"
            ],
            "authors": [
                {
                    "name": "Luis Montealegre",
                    "email": "montealegreluis@gmail.com"
                }
            ],
            "description": "Transactional services, events and messaging."
        },
        {
            "name": "mathiasverraes/money",
            "version": "1.2.1",
            "source": {
                "type": "git",
                "url": "https://github.com/mathiasverraes/money.git",
                "reference": "b9e258119041fed20e4704f72e3ebb94ed10bea2"
            },
            "dist": {
                "type": "zip",
                "url": "https://api.github.com/repos/mathiasverraes/money/zipball/b9e258119041fed20e4704f72e3ebb94ed10bea2",
                "reference": "b9e258119041fed20e4704f72e3ebb94ed10bea2",
                "shasum": ""
            },
            "require": {
                "php": ">=5.3.3"
            },
            "require-dev": {
                "phpunit/phpunit": "3.7.*"
            },
            "suggest": {
                "Sylius/SyliusMoneyBundle": "Sylius' Symfony2 integration with Money library",
                "TheBigBrainsCompany/TbbcMoneyBundle": "Very complete Symfony2 bundle with support for Twig, Doctrine, Forms, ...",
                "pink-tie/money-bundle": "Pink-Tie's Symfony2 integration with Money library"
            },
            "type": "library",
            "extra": {
                "branch-alias": {
                    "dev-master": "1.3.x-dev"
                }
            },
            "autoload": {
                "psr-0": {
                    "Money": "lib"
                }
            },
            "notification-url": "https://packagist.org/downloads/",
            "license": [
                "MIT"
            ],
            "authors": [
                {
                    "name": "Mathias Verraes",
                    "email": "mathias@verraes.net"
                }
            ],
            "description": "PHP implementation of Fowler's Money pattern",
            "homepage": "http://verraes.net/2011/04/fowler-money-pattern-in-php/",
            "keywords": [
                "Generic Sub-domain",
                "Value Object",
                "money"
            ],
            "time": "2014-10-07 12:54:10"
        }
    ],
    "packages-dev": [],
    "aliases": [],
    "minimum-stability": "stable",
    "stability-flags": [],
    "prefer-stable": false,
    "prefer-lowest": false,
    "platform": [],
    "platform-dev": []
}
